// !$*UTF8*$!
{
	archiveVersion = 1;
	classes = {
	};
	objectVersion = 50;
	objects = {

/* Begin PBXBuildFile section */
		00E786C63C91D9BCC928F92B /* Pods_weatherBa.framework in Frameworks */ = {isa = PBXBuildFile; fileRef = E2ABEAAE64585607FFE9B983 /* Pods_weatherBa.framework */; };
		05248F8F21849BF9006FC9EC /* BaseViewController.swift in Sources */ = {isa = PBXBuildFile; fileRef = 05248F8E21849BF9006FC9EC /* BaseViewController.swift */; };
		05248F932184A6CA006FC9EC /* WebServices.swift in Sources */ = {isa = PBXBuildFile; fileRef = 05248F922184A6CA006FC9EC /* WebServices.swift */; };
		056808A3217B83CA00AAB9F7 /* AppDelegate.swift in Sources */ = {isa = PBXBuildFile; fileRef = 056808A2217B83CA00AAB9F7 /* AppDelegate.swift */; };
		056808A5217B83CA00AAB9F7 /* HomeViewController.swift in Sources */ = {isa = PBXBuildFile; fileRef = 056808A4217B83CA00AAB9F7 /* HomeViewController.swift */; };
		056808A8217B83CA00AAB9F7 /* Main.storyboard in Resources */ = {isa = PBXBuildFile; fileRef = 056808A6217B83CA00AAB9F7 /* Main.storyboard */; };
		056808AA217B83CC00AAB9F7 /* Assets.xcassets in Resources */ = {isa = PBXBuildFile; fileRef = 056808A9217B83CC00AAB9F7 /* Assets.xcassets */; };
		056808AD217B83CC00AAB9F7 /* LaunchScreen.storyboard in Resources */ = {isa = PBXBuildFile; fileRef = 056808AB217B83CC00AAB9F7 /* LaunchScreen.storyboard */; };
		056808B8217B83CC00AAB9F7 /* weatherBaTests.swift in Sources */ = {isa = PBXBuildFile; fileRef = 056808B7217B83CC00AAB9F7 /* weatherBaTests.swift */; };
		05A0E964218DCCAB00FC1D5C /* WeatherClass.swift in Sources */ = {isa = PBXBuildFile; fileRef = 05A0E963218DCCAB00FC1D5C /* WeatherClass.swift */; };
		05C9DEBE219714CC00AA870C /* WeatherCell.swift in Sources */ = {isa = PBXBuildFile; fileRef = 05C9DEBD219714CC00AA870C /* WeatherCell.swift */; };
		05C9DEC12197183600AA870C /* DateHelpers.swift in Sources */ = {isa = PBXBuildFile; fileRef = 05C9DEC02197183600AA870C /* DateHelpers.swift */; };
		05D1F2FC219A2839004821D8 /* Night.png in Resources */ = {isa = PBXBuildFile; fileRef = 05D1F2FA219A2838004821D8 /* Night.png */; };
		05D1F2FD219A2839004821D8 /* After Noon.png in Resources */ = {isa = PBXBuildFile; fileRef = 05D1F2FB219A2839004821D8 /* After Noon.png */; };
		986ABD0B9CDB46C66F095C0F /* Pods_weatherBaTests.framework in Frameworks */ = {isa = PBXBuildFile; fileRef = 2A228DA19735002895A064C8 /* Pods_weatherBaTests.framework */; };
/* End PBXBuildFile section */

/* Begin PBXContainerItemProxy section */
		056808B4217B83CC00AAB9F7 /* PBXContainerItemProxy */ = {
			isa = PBXContainerItemProxy;
			containerPortal = 05680897217B83CA00AAB9F7 /* Project object */;
			proxyType = 1;
			remoteGlobalIDString = 0568089E217B83CA00AAB9F7;
			remoteInfo = weatherBa;
		};
/* End PBXContainerItemProxy section */

/* Begin PBXFileReference section */
		05248F8E21849BF9006FC9EC /* BaseViewController.swift */ = {isa = PBXFileReference; lastKnownFileType = sourcecode.swift; path = BaseViewController.swift; sourceTree = "<group>"; };
		05248F922184A6CA006FC9EC /* WebServices.swift */ = {isa = PBXFileReference; lastKnownFileType = sourcecode.swift; path = WebServices.swift; sourceTree = "<group>"; };
		0568089F217B83CA00AAB9F7 /* weatherBa.app */ = {isa = PBXFileReference; explicitFileType = wrapper.application; includeInIndex = 0; path = weatherBa.app; sourceTree = BUILT_PRODUCTS_DIR; };
		056808A2217B83CA00AAB9F7 /* AppDelegate.swift */ = {isa = PBXFileReference; lastKnownFileType = sourcecode.swift; path = AppDelegate.swift; sourceTree = "<group>"; };
		056808A4217B83CA00AAB9F7 /* HomeViewController.swift */ = {isa = PBXFileReference; lastKnownFileType = sourcecode.swift; path = HomeViewController.swift; sourceTree = "<group>"; };
		056808A7217B83CA00AAB9F7 /* Base */ = {isa = PBXFileReference; lastKnownFileType = file.storyboard; name = Base; path = Base.lproj/Main.storyboard; sourceTree = "<group>"; };
		056808A9217B83CC00AAB9F7 /* Assets.xcassets */ = {isa = PBXFileReference; lastKnownFileType = folder.assetcatalog; path = Assets.xcassets; sourceTree = "<group>"; };
		056808AC217B83CC00AAB9F7 /* Base */ = {isa = PBXFileReference; lastKnownFileType = file.storyboard; name = Base; path = Base.lproj/LaunchScreen.storyboard; sourceTree = "<group>"; };
		056808AE217B83CC00AAB9F7 /* Info.plist */ = {isa = PBXFileReference; lastKnownFileType = text.plist.xml; path = Info.plist; sourceTree = "<group>"; };
		056808B3217B83CC00AAB9F7 /* weatherBaTests.xctest */ = {isa = PBXFileReference; explicitFileType = wrapper.cfbundle; includeInIndex = 0; path = weatherBaTests.xctest; sourceTree = BUILT_PRODUCTS_DIR; };
		056808B7217B83CC00AAB9F7 /* weatherBaTests.swift */ = {isa = PBXFileReference; lastKnownFileType = sourcecode.swift; path = weatherBaTests.swift; sourceTree = "<group>"; };
		056808B9217B83CC00AAB9F7 /* Info.plist */ = {isa = PBXFileReference; lastKnownFileType = text.plist.xml; path = Info.plist; sourceTree = "<group>"; };
		05A0E963218DCCAB00FC1D5C /* WeatherClass.swift */ = {isa = PBXFileReference; lastKnownFileType = sourcecode.swift; path = WeatherClass.swift; sourceTree = "<group>"; };
		05C9DEBD219714CC00AA870C /* WeatherCell.swift */ = {isa = PBXFileReference; lastKnownFileType = sourcecode.swift; path = WeatherCell.swift; sourceTree = "<group>"; };
		05C9DEC02197183600AA870C /* DateHelpers.swift */ = {isa = PBXFileReference; lastKnownFileType = sourcecode.swift; path = DateHelpers.swift; sourceTree = "<group>"; };
		05D1F2FA219A2838004821D8 /* Night.png */ = {isa = PBXFileReference; lastKnownFileType = image.png; path = Night.png; sourceTree = "<group>"; };
		05D1F2FB219A2839004821D8 /* After Noon.png */ = {isa = PBXFileReference; lastKnownFileType = image.png; path = "After Noon.png"; sourceTree = "<group>"; };
		2A228DA19735002895A064C8 /* Pods_weatherBaTests.framework */ = {isa = PBXFileReference; explicitFileType = wrapper.framework; includeInIndex = 0; path = Pods_weatherBaTests.framework; sourceTree = BUILT_PRODUCTS_DIR; };
		626A22B7633C9CA4805049A7 /* Pods-weatherBa.release.xcconfig */ = {isa = PBXFileReference; includeInIndex = 1; lastKnownFileType = text.xcconfig; name = "Pods-weatherBa.release.xcconfig"; path = "Pods/Target Support Files/Pods-weatherBa/Pods-weatherBa.release.xcconfig"; sourceTree = "<group>"; };
		B5A0290C458EB0B9ECA281F3 /* Pods-weatherBa.debug.xcconfig */ = {isa = PBXFileReference; includeInIndex = 1; lastKnownFileType = text.xcconfig; name = "Pods-weatherBa.debug.xcconfig"; path = "Pods/Target Support Files/Pods-weatherBa/Pods-weatherBa.debug.xcconfig"; sourceTree = "<group>"; };
		DAB8262AA6FF8949FE836F71 /* Pods-weatherBaTests.debug.xcconfig */ = {isa = PBXFileReference; includeInIndex = 1; lastKnownFileType = text.xcconfig; name = "Pods-weatherBaTests.debug.xcconfig"; path = "Pods/Target Support Files/Pods-weatherBaTests/Pods-weatherBaTests.debug.xcconfig"; sourceTree = "<group>"; };
		E2ABEAAE64585607FFE9B983 /* Pods_weatherBa.framework */ = {isa = PBXFileReference; explicitFileType = wrapper.framework; includeInIndex = 0; path = Pods_weatherBa.framework; sourceTree = BUILT_PRODUCTS_DIR; };
		F6ADE2357015610DE7FB99FB /* Pods-weatherBaTests.release.xcconfig */ = {isa = PBXFileReference; includeInIndex = 1; lastKnownFileType = text.xcconfig; name = "Pods-weatherBaTests.release.xcconfig"; path = "Pods/Target Support Files/Pods-weatherBaTests/Pods-weatherBaTests.release.xcconfig"; sourceTree = "<group>"; };
/* End PBXFileReference section */

/* Begin PBXFrameworksBuildPhase section */
		0568089C217B83CA00AAB9F7 /* Frameworks */ = {
			isa = PBXFrameworksBuildPhase;
			buildActionMask = 2147483647;
			files = (
				00E786C63C91D9BCC928F92B /* Pods_weatherBa.framework in Frameworks */,
			);
			runOnlyForDeploymentPostprocessing = 0;
		};
		056808B0217B83CC00AAB9F7 /* Frameworks */ = {
			isa = PBXFrameworksBuildPhase;
			buildActionMask = 2147483647;
			files = (
				986ABD0B9CDB46C66F095C0F /* Pods_weatherBaTests.framework in Frameworks */,
			);
			runOnlyForDeploymentPostprocessing = 0;
		};
/* End PBXFrameworksBuildPhase section */

/* Begin PBXGroup section */
		05680896217B83CA00AAB9F7 = {
			isa = PBXGroup;
			children = (
				056808A1217B83CA00AAB9F7 /* weatherBa */,
				05C9DEBF2197180B00AA870C /* Helpers */,
				056808B6217B83CC00AAB9F7 /* weatherBaTests */,
				056808A0217B83CA00AAB9F7 /* Products */,
				90E632D4AE01FC20C82DB56B /* Pods */,
				1CF66D7147494516047FB4E0 /* Frameworks */,
			);
			sourceTree = "<group>";
		};
		056808A0217B83CA00AAB9F7 /* Products */ = {
			isa = PBXGroup;
			children = (
				0568089F217B83CA00AAB9F7 /* weatherBa.app */,
				056808B3217B83CC00AAB9F7 /* weatherBaTests.xctest */,
			);
			name = Products;
			sourceTree = "<group>";
		};
		056808A1217B83CA00AAB9F7 /* weatherBa */ = {
			isa = PBXGroup;
			children = (
				056808A2217B83CA00AAB9F7 /* AppDelegate.swift */,
				056808AE217B83CC00AAB9F7 /* Info.plist */,
				05A632A621970AE900EB7437 /* Resources */,
				05A632A721970B8F00EB7437 /* Storyboards */,
				05A632AA21970C1F00EB7437 /* ViewControllers */,
				05A632A921970C0E00EB7437 /* Model */,
				05A632A821970BC800EB7437 /* WebServices */,
			);
			path = weatherBa;
			sourceTree = "<group>";
		};
		056808B6217B83CC00AAB9F7 /* weatherBaTests */ = {
			isa = PBXGroup;
			children = (
				056808B7217B83CC00AAB9F7 /* weatherBaTests.swift */,
				056808B9217B83CC00AAB9F7 /* Info.plist */,
			);
			path = weatherBaTests;
			sourceTree = "<group>";
		};
		05A632A621970AE900EB7437 /* Resources */ = {
			isa = PBXGroup;
			children = (
				05D1F2FB219A2839004821D8 /* After Noon.png */,
				05D1F2FA219A2838004821D8 /* Night.png */,
				056808A9217B83CC00AAB9F7 /* Assets.xcassets */,
			);
			path = Resources;
			sourceTree = "<group>";
		};
		05A632A721970B8F00EB7437 /* Storyboards */ = {
			isa = PBXGroup;
			children = (
				056808A6217B83CA00AAB9F7 /* Main.storyboard */,
				056808AB217B83CC00AAB9F7 /* LaunchScreen.storyboard */,
			);
			path = Storyboards;
			sourceTree = "<group>";
		};
		05A632A821970BC800EB7437 /* WebServices */ = {
			isa = PBXGroup;
			children = (
				05248F922184A6CA006FC9EC /* WebServices.swift */,
			);
			path = WebServices;
			sourceTree = "<group>";
		};
		05A632A921970C0E00EB7437 /* Model */ = {
			isa = PBXGroup;
			children = (
				05A0E963218DCCAB00FC1D5C /* WeatherClass.swift */,
			);
			path = Model;
			sourceTree = "<group>";
		};
		05A632AA21970C1F00EB7437 /* ViewControllers */ = {
			isa = PBXGroup;
			children = (
				056808A4217B83CA00AAB9F7 /* HomeViewController.swift */,
				05C9DEBD219714CC00AA870C /* WeatherCell.swift */,
				05248F8E21849BF9006FC9EC /* BaseViewController.swift */,
			);
			path = ViewControllers;
			sourceTree = "<group>";
		};
		05C9DEBF2197180B00AA870C /* Helpers */ = {
			isa = PBXGroup;
			children = (
				05C9DEC02197183600AA870C /* DateHelpers.swift */,
			);
			path = Helpers;
			sourceTree = "<group>";
		};
		1CF66D7147494516047FB4E0 /* Frameworks */ = {
			isa = PBXGroup;
			children = (
				E2ABEAAE64585607FFE9B983 /* Pods_weatherBa.framework */,
				2A228DA19735002895A064C8 /* Pods_weatherBaTests.framework */,
			);
			name = Frameworks;
			sourceTree = "<group>";
		};
		90E632D4AE01FC20C82DB56B /* Pods */ = {
			isa = PBXGroup;
			children = (
				B5A0290C458EB0B9ECA281F3 /* Pods-weatherBa.debug.xcconfig */,
				626A22B7633C9CA4805049A7 /* Pods-weatherBa.release.xcconfig */,
				DAB8262AA6FF8949FE836F71 /* Pods-weatherBaTests.debug.xcconfig */,
				F6ADE2357015610DE7FB99FB /* Pods-weatherBaTests.release.xcconfig */,
			);
			name = Pods;
			sourceTree = "<group>";
		};
/* End PBXGroup section */

/* Begin PBXNativeTarget section */
		0568089E217B83CA00AAB9F7 /* weatherBa */ = {
			isa = PBXNativeTarget;
			buildConfigurationList = 056808BC217B83CC00AAB9F7 /* Build configuration list for PBXNativeTarget "weatherBa" */;
			buildPhases = (
				F8ACA51F7BF2B7C8ABA1A4D4 /* [CP] Check Pods Manifest.lock */,
				0568089B217B83CA00AAB9F7 /* Sources */,
				0568089C217B83CA00AAB9F7 /* Frameworks */,
				0568089D217B83CA00AAB9F7 /* Resources */,
				2195874F0E728076E7CCE74D /* [CP] Embed Pods Frameworks */,
			);
			buildRules = (
			);
			dependencies = (
			);
			name = weatherBa;
			productName = weatherBa;
			productReference = 0568089F217B83CA00AAB9F7 /* weatherBa.app */;
			productType = "com.apple.product-type.application";
		};
		056808B2217B83CC00AAB9F7 /* weatherBaTests */ = {
			isa = PBXNativeTarget;
			buildConfigurationList = 056808BF217B83CC00AAB9F7 /* Build configuration list for PBXNativeTarget "weatherBaTests" */;
			buildPhases = (
				286E4B73781794A925A9F449 /* [CP] Check Pods Manifest.lock */,
				056808AF217B83CC00AAB9F7 /* Sources */,
				056808B0217B83CC00AAB9F7 /* Frameworks */,
				056808B1217B83CC00AAB9F7 /* Resources */,
			);
			buildRules = (
			);
			dependencies = (
				056808B5217B83CC00AAB9F7 /* PBXTargetDependency */,
			);
			name = weatherBaTests;
			productName = weatherBaTests;
			productReference = 056808B3217B83CC00AAB9F7 /* weatherBaTests.xctest */;
			productType = "com.apple.product-type.bundle.unit-test";
		};
/* End PBXNativeTarget section */

/* Begin PBXProject section */
		05680897217B83CA00AAB9F7 /* Project object */ = {
			isa = PBXProject;
			attributes = {
				LastSwiftUpdateCheck = 1000;
				LastUpgradeCheck = 1000;
				ORGANIZATIONNAME = "Marcelo Nardone";
				TargetAttributes = {
					0568089E217B83CA00AAB9F7 = {
						CreatedOnToolsVersion = 10.0;
					};
					056808B2217B83CC00AAB9F7 = {
						CreatedOnToolsVersion = 10.0;
						TestTargetID = 0568089E217B83CA00AAB9F7;
					};
				};
			};
			buildConfigurationList = 0568089A217B83CA00AAB9F7 /* Build configuration list for PBXProject "weatherBa" */;
			compatibilityVersion = "Xcode 9.3";
			developmentRegion = en;
			hasScannedForEncodings = 0;
			knownRegions = (
				en,
				Base,
			);
			mainGroup = 05680896217B83CA00AAB9F7;
			productRefGroup = 056808A0217B83CA00AAB9F7 /* Products */;
			projectDirPath = "";
			projectRoot = "";
			targets = (
				0568089E217B83CA00AAB9F7 /* weatherBa */,
				056808B2217B83CC00AAB9F7 /* weatherBaTests */,
			);
		};
/* End PBXProject section */

/* Begin PBXResourcesBuildPhase section */
		0568089D217B83CA00AAB9F7 /* Resources */ = {
			isa = PBXResourcesBuildPhase;
			buildActionMask = 2147483647;
			files = (
				05D1F2FD219A2839004821D8 /* After Noon.png in Resources */,
				056808AD217B83CC00AAB9F7 /* LaunchScreen.storyboard in Resources */,
				056808AA217B83CC00AAB9F7 /* Assets.xcassets in Resources */,
				05D1F2FC219A2839004821D8 /* Night.png in Resources */,
				056808A8217B83CA00AAB9F7 /* Main.storyboard in Resources */,
			);
			runOnlyForDeploymentPostprocessing = 0;
		};
		056808B1217B83CC00AAB9F7 /* Resources */ = {
			isa = PBXResourcesBuildPhase;
			buildActionMask = 2147483647;
			files = (
			);
			runOnlyForDeploymentPostprocessing = 0;
		};
/* End PBXResourcesBuildPhase section */

/* Begin PBXShellScriptBuildPhase section */
		2195874F0E728076E7CCE74D /* [CP] Embed Pods Frameworks */ = {
			isa = PBXShellScriptBuildPhase;
			buildActionMask = 2147483647;
			files = (
			);
			inputFileListPaths = (
			);
			inputPaths = (
				"${SRCROOT}/Pods/Target Support Files/Pods-weatherBa/Pods-weatherBa-frameworks.sh",
				"${BUILT_PRODUCTS_DIR}/Alamofire/Alamofire.framework",
			);
			name = "[CP] Embed Pods Frameworks";
			outputFileListPaths = (
			);
			outputPaths = (
				"${TARGET_BUILD_DIR}/${FRAMEWORKS_FOLDER_PATH}/Alamofire.framework",
			);
			runOnlyForDeploymentPostprocessing = 0;
			shellPath = /bin/sh;
			shellScript = "\"${SRCROOT}/Pods/Target Support Files/Pods-weatherBa/Pods-weatherBa-frameworks.sh\"\n";
			showEnvVarsInLog = 0;
		};
		286E4B73781794A925A9F449 /* [CP] Check Pods Manifest.lock */ = {
			isa = PBXShellScriptBuildPhase;
			buildActionMask = 2147483647;
			files = (
			);
			inputFileListPaths = (
			);
			inputPaths = (
				"${PODS_PODFILE_DIR_PATH}/Podfile.lock",
				"${PODS_ROOT}/Manifest.lock",
			);
			name = "[CP] Check Pods Manifest.lock";
			outputFileListPaths = (
			);
			outputPaths = (
				"$(DERIVED_FILE_DIR)/Pods-weatherBaTests-checkManifestLockResult.txt",
			);
			runOnlyForDeploymentPostprocessing = 0;
			shellPath = /bin/sh;
			shellScript = "diff \"${PODS_PODFILE_DIR_PATH}/Podfile.lock\" \"${PODS_ROOT}/Manifest.lock\" > /dev/null\nif [ $? != 0 ] ; then\n    # print error to STDERR\n    echo \"error: The sandbox is not in sync with the Podfile.lock. Run 'pod install' or update your CocoaPods installation.\" >&2\n    exit 1\nfi\n# This output is used by Xcode 'outputs' to avoid re-running this script phase.\necho \"SUCCESS\" > \"${SCRIPT_OUTPUT_FILE_0}\"\n";
			showEnvVarsInLog = 0;
		};
		F8ACA51F7BF2B7C8ABA1A4D4 /* [CP] Check Pods Manifest.lock */ = {
			isa = PBXShellScriptBuildPhase;
			buildActionMask = 2147483647;
			files = (
			);
			inputFileListPaths = (
			);
			inputPaths = (
				"${PODS_PODFILE_DIR_PATH}/Podfile.lock",
				"${PODS_ROOT}/Manifest.lock",
			);
			name = "[CP] Check Pods Manifest.lock";
			outputFileListPaths = (
			);
			outputPaths = (
				"$(DERIVED_FILE_DIR)/Pods-weatherBa-checkManifestLockResult.txt",
			);
			runOnlyForDeploymentPostprocessing = 0;
			shellPath = /bin/sh;
			shellScript = "diff \"${PODS_PODFILE_DIR_PATH}/Podfile.lock\" \"${PODS_ROOT}/Manifest.lock\" > /dev/null\nif [ $? != 0 ] ; then\n    # print error to STDERR\n    echo \"error: The sandbox is not in sync with the Podfile.lock. Run 'pod install' or update your CocoaPods installation.\" >&2\n    exit 1\nfi\n# This output is used by Xcode 'outputs' to avoid re-running this script phase.\necho \"SUCCESS\" > \"${SCRIPT_OUTPUT_FILE_0}\"\n";
			showEnvVarsInLog = 0;
		};
/* End PBXShellScriptBuildPhase section */

/* Begin PBXSourcesBuildPhase section */
		0568089B217B83CA00AAB9F7 /* Sources */ = {
			isa = PBXSourcesBuildPhase;
			buildActionMask = 2147483647;
			files = (
				05A0E964218DCCAB00FC1D5C /* WeatherClass.swift in Sources */,
				05248F932184A6CA006FC9EC /* WebServices.swift in Sources */,
				05C9DEBE219714CC00AA870C /* WeatherCell.swift in Sources */,
				05C9DEC12197183600AA870C /* DateHelpers.swift in Sources */,
				056808A5217B83CA00AAB9F7 /* HomeViewController.swift in Sources */,
				056808A3217B83CA00AAB9F7 /* AppDelegate.swift in Sources */,
				05248F8F21849BF9006FC9EC /* BaseViewController.swift in Sources */,
			);
			runOnlyForDeploymentPostprocessing = 0;
		};
		056808AF217B83CC00AAB9F7 /* Sources */ = {
			isa = PBXSourcesBuildPhase;
			buildActionMask = 2147483647;
			files = (
				056808B8217B83CC00AAB9F7 /* weatherBaTests.swift in Sources */,
			);
			runOnlyForDeploymentPostprocessing = 0;
		};
/* End PBXSourcesBuildPhase section */

/* Begin PBXTargetDependency section */
		056808B5217B83CC00AAB9F7 /* PBXTargetDependency */ = {
			isa = PBXTargetDependency;
			target = 0568089E217B83CA00AAB9F7 /* weatherBa */;
			targetProxy = 056808B4217B83CC00AAB9F7 /* PBXContainerItemProxy */;
		};
/* End PBXTargetDependency section */

/* Begin PBXVariantGroup section */
		056808A6217B83CA00AAB9F7 /* Main.storyboard */ = {
			isa = PBXVariantGroup;
			children = (
				056808A7217B83CA00AAB9F7 /* Base */,
			);
			name = Main.storyboard;
			sourceTree = "<group>";
		};
		056808AB217B83CC00AAB9F7 /* LaunchScreen.storyboard */ = {
			isa = PBXVariantGroup;
			children = (
				056808AC217B83CC00AAB9F7 /* Base */,
			);
			name = LaunchScreen.storyboard;
			sourceTree = "<group>";
		};
/* End PBXVariantGroup section */

/* Begin XCBuildConfiguration section */
		056808BA217B83CC00AAB9F7 /* Debug */ = {
			isa = XCBuildConfiguration;
			buildSettings = {
				ALWAYS_SEARCH_USER_PATHS = NO;
				CLANG_ANALYZER_NONNULL = YES;
				CLANG_ANALYZER_NUMBER_OBJECT_CONVERSION = YES_AGGRESSIVE;
				CLANG_CXX_LANGUAGE_STANDARD = "gnu++14";
				CLANG_CXX_LIBRARY = "libc++";
				CLANG_ENABLE_MODULES = YES;
				CLANG_ENABLE_OBJC_ARC = YES;
				CLANG_ENABLE_OBJC_WEAK = YES;
				CLANG_WARN_BLOCK_CAPTURE_AUTORELEASING = YES;
				CLANG_WARN_BOOL_CONVERSION = YES;
				CLANG_WARN_COMMA = YES;
				CLANG_WARN_CONSTANT_CONVERSION = YES;
				CLANG_WARN_DEPRECATED_OBJC_IMPLEMENTATIONS = YES;
				CLANG_WARN_DIRECT_OBJC_ISA_USAGE = YES_ERROR;
				CLANG_WARN_DOCUMENTATION_COMMENTS = YES;
				CLANG_WARN_EMPTY_BODY = YES;
				CLANG_WARN_ENUM_CONVERSION = YES;
				CLANG_WARN_INFINITE_RECURSION = YES;
				CLANG_WARN_INT_CONVERSION = YES;
				CLANG_WARN_NON_LITERAL_NULL_CONVERSION = YES;
				CLANG_WARN_OBJC_IMPLICIT_RETAIN_SELF = YES;
				CLANG_WARN_OBJC_LITERAL_CONVERSION = YES;
				CLANG_WARN_OBJC_ROOT_CLASS = YES_ERROR;
				CLANG_WARN_RANGE_LOOP_ANALYSIS = YES;
				CLANG_WARN_STRICT_PROTOTYPES = YES;
				CLANG_WARN_SUSPICIOUS_MOVE = YES;
				CLANG_WARN_UNGUARDED_AVAILABILITY = YES_AGGRESSIVE;
				CLANG_WARN_UNREACHABLE_CODE = YES;
				CLANG_WARN__DUPLICATE_METHOD_MATCH = YES;
				CODE_SIGN_IDENTITY = "iPhone Developer";
				COPY_PHASE_STRIP = NO;
				DEBUG_INFORMATION_FORMAT = dwarf;
				ENABLE_STRICT_OBJC_MSGSEND = YES;
				ENABLE_TESTABILITY = YES;
				GCC_C_LANGUAGE_STANDARD = gnu11;
				GCC_DYNAMIC_NO_PIC = NO;
				GCC_NO_COMMON_BLOCKS = YES;
				GCC_OPTIMIZATION_LEVEL = 0;
				GCC_PREPROCESSOR_DEFINITIONS = (
					"DEBUG=1",
					"$(inherited)",
				);
				GCC_WARN_64_TO_32_BIT_CONVERSION = YES;
				GCC_WARN_ABOUT_RETURN_TYPE = YES_ERROR;
				GCC_WARN_UNDECLARED_SELECTOR = YES;
				GCC_WARN_UNINITIALIZED_AUTOS = YES_AGGRESSIVE;
				GCC_WARN_UNUSED_FUNCTION = YES;
				GCC_WARN_UNUSED_VARIABLE = YES;
				IPHONEOS_DEPLOYMENT_TARGET = 12.0;
				MTL_ENABLE_DEBUG_INFO = INCLUDE_SOURCE;
				MTL_FAST_MATH = YES;
				ONLY_ACTIVE_ARCH = YES;
				SDKROOT = iphoneos;
				SWIFT_ACTIVE_COMPILATION_CONDITIONS = DEBUG;
				SWIFT_OPTIMIZATION_LEVEL = "-Onone";
			};
			name = Debug;
		};
		056808BB217B83CC00AAB9F7 /* Release */ = {
			isa = XCBuildConfiguration;
			buildSettings = {
				ALWAYS_SEARCH_USER_PATHS = NO;
				CLANG_ANALYZER_NONNULL = YES;
				CLANG_ANALYZER_NUMBER_OBJECT_CONVERSION = YES_AGGRESSIVE;
				CLANG_CXX_LANGUAGE_STANDARD = "gnu++14";
				CLANG_CXX_LIBRARY = "libc++";
				CLANG_ENABLE_MODULES = YES;
				CLANG_ENABLE_OBJC_ARC = YES;
				CLANG_ENABLE_OBJC_WEAK = YES;
				CLANG_WARN_BLOCK_CAPTURE_AUTORELEASING = YES;
				CLANG_WARN_BOOL_CONVERSION = YES;
				CLANG_WARN_COMMA = YES;
				CLANG_WARN_CONSTANT_CONVERSION = YES;
				CLANG_WARN_DEPRECATED_OBJC_IMPLEMENTATIONS = YES;
				CLANG_WARN_DIRECT_OBJC_ISA_USAGE = YES_ERROR;
				CLANG_WARN_DOCUMENTATION_COMMENTS = YES;
				CLANG_WARN_EMPTY_BODY = YES;
				CLANG_WARN_ENUM_CONVERSION = YES;
				CLANG_WARN_INFINITE_RECURSION = YES;
				CLANG_WARN_INT_CONVERSION = YES;
				CLANG_WARN_NON_LITERAL_NULL_CONVERSION = YES;
				CLANG_WARN_OBJC_IMPLICIT_RETAIN_SELF = YES;
				CLANG_WARN_OBJC_LITERAL_CONVERSION = YES;
				CLANG_WARN_OBJC_ROOT_CLASS = YES_ERROR;
				CLANG_WARN_RANGE_LOOP_ANALYSIS = YES;
				CLANG_WARN_STRICT_PROTOTYPES = YES;
				CLANG_WARN_SUSPICIOUS_MOVE = YES;
				CLANG_WARN_UNGUARDED_AVAILABILITY = YES_AGGRESSIVE;
				CLANG_WARN_UNREACHABLE_CODE = YES;
				CLANG_WARN__DUPLICATE_METHOD_MATCH = YES;
				CODE_SIGN_IDENTITY = "iPhone Developer";
				COPY_PHASE_STRIP = NO;
				DEBUG_INFORMATION_FORMAT = "dwarf-with-dsym";
				ENABLE_NS_ASSERTIONS = NO;
				ENABLE_STRICT_OBJC_MSGSEND = YES;
				GCC_C_LANGUAGE_STANDARD = gnu11;
				GCC_NO_COMMON_BLOCKS = YES;
				GCC_WARN_64_TO_32_BIT_CONVERSION = YES;
				GCC_WARN_ABOUT_RETURN_TYPE = YES_ERROR;
				GCC_WARN_UNDECLARED_SELECTOR = YES;
				GCC_WARN_UNINITIALIZED_AUTOS = YES_AGGRESSIVE;
				GCC_WARN_UNUSED_FUNCTION = YES;
				GCC_WARN_UNUSED_VARIABLE = YES;
				IPHONEOS_DEPLOYMENT_TARGET = 12.0;
				MTL_ENABLE_DEBUG_INFO = NO;
				MTL_FAST_MATH = YES;
				SDKROOT = iphoneos;
				SWIFT_COMPILATION_MODE = wholemodule;
				SWIFT_OPTIMIZATION_LEVEL = "-O";
				VALIDATE_PRODUCT = YES;
			};
			name = Release;
		};
		056808BD217B83CC00AAB9F7 /* Debug */ = {
			isa = XCBuildConfiguration;
			baseConfigurationReference = B5A0290C458EB0B9ECA281F3 /* Pods-weatherBa.debug.xcconfig */;
			buildSettings = {
				ASSETCATALOG_COMPILER_APPICON_NAME = AppIcon;
				CODE_SIGN_STYLE = Automatic;
				DEVELOPMENT_TEAM = B726XVQG9Q;
				INFOPLIST_FILE = weatherBa/Info.plist;
				LD_RUNPATH_SEARCH_PATHS = (
					"$(inherited)",
					"@executable_path/Frameworks",
				);
				PRODUCT_BUNDLE_IDENTIFIER = com.mndev.weatherBa;
				PRODUCT_NAME = "$(TARGET_NAME)";
				SWIFT_VERSION = 4.2;
				TARGETED_DEVICE_FAMILY = "1,2";
			};
			name = Debug;
		};
		056808BE217B83CC00AAB9F7 /* Release */ = {
			isa = XCBuildConfiguration;
			baseConfigurationReference = 626A22B7633C9CA4805049A7 /* Pods-weatherBa.release.xcconfig */;
			buildSettings = {
				ASSETCATALOG_COMPILER_APPICON_NAME = AppIcon;
				CODE_SIGN_STYLE = Automatic;
				DEVELOPMENT_TEAM = B726XVQG9Q;
				INFOPLIST_FILE = weatherBa/Info.plist;
				LD_RUNPATH_SEARCH_PATHS = (
					"$(inherited)",
					"@executable_path/Frameworks",
				);
				PRODUCT_BUNDLE_IDENTIFIER = com.mndev.weatherBa;
				PRODUCT_NAME = "$(TARGET_NAME)";
				SWIFT_VERSION = 4.2;
				TARGETED_DEVICE_FAMILY = "1,2";
			};
			name = Release;
		};
		056808C0217B83CC00AAB9F7 /* Debug */ = {
			isa = XCBuildConfiguration;
			baseConfigurationReference = DAB8262AA6FF8949FE836F71 /* Pods-weatherBaTests.debug.xcconfig */;
			buildSettings = {
				ALWAYS_EMBED_SWIFT_STANDARD_LIBRARIES = YES;
				BUNDLE_LOADER = "$(TEST_HOST)";
				CODE_SIGN_STYLE = Automatic;
				DEVELOPMENT_TEAM = B726XVQG9Q;
				INFOPLIST_FILE = weatherBaTests/Info.plist;
				LD_RUNPATH_SEARCH_PATHS = (
					"$(inherited)",
					"@executable_path/Frameworks",
					"@loader_path/Frameworks",
				);
				PRODUCT_BUNDLE_IDENTIFIER = com.mndev.weatherBaTests;
				PRODUCT_NAME = "$(TARGET_NAME)";
				SWIFT_VERSION = 4.2;
				TARGETED_DEVICE_FAMILY = "1,2";
				TEST_HOST = "$(BUILT_PRODUCTS_DIR)/weatherBa.app/weatherBa";
			};
			name = Debug;
		};
		056808C1217B83CC00AAB9F7 /* Release */ = {
			isa = XCBuildConfiguration;
			baseConfigurationReference = F6ADE2357015610DE7FB99FB /* Pods-weatherBaTests.release.xcconfig */;
			buildSettings = {
				ALWAYS_EMBED_SWIFT_STANDARD_LIBRARIES = YES;
				BUNDLE_LOADER = "$(TEST_HOST)";
				CODE_SIGN_STYLE = Automatic;
				DEVELOPMENT_TEAM = B726XVQG9Q;
				INFOPLIST_FILE = weatherBaTests/Info.plist;
				LD_RUNPATH_SEARCH_PATHS = (
					"$(inherited)",
					"@executable_path/Frameworks",
					"@loader_path/Frameworks",
				);
				PRODUCT_BUNDLE_IDENTIFIER = com.mndev.weatherBaTests;
				PRODUCT_NAME = "$(TARGET_NAME)";
				SWIFT_VERSION = 4.2;
				TARGETED_DEVICE_FAMILY = "1,2";
				TEST_HOST = "$(BUILT_PRODUCTS_DIR)/weatherBa.app/weatherBa";
			};
			name = Release;
		};
/* End XCBuildConfiguration section */

/* Begin XCConfigurationList section */
		0568089A217B83CA00AAB9F7 /* Build configuration list for PBXProject "weatherBa" */ = {
			isa = XCConfigurationList;
			buildConfigurations = (
				056808BA217B83CC00AAB9F7 /* Debug */,
				056808BB217B83CC00AAB9F7 /* Release */,
			);
			defaultConfigurationIsVisible = 0;
			defaultConfigurationName = Release;
		};
		056808BC217B83CC00AAB9F7 /* Build configuration list for PBXNativeTarget "weatherBa" */ = {
			isa = XCConfigurationList;
			buildConfigurations = (
				056808BD217B83CC00AAB9F7 /* Debug */,
				056808BE217B83CC00AAB9F7 /* Release */,
			);
			defaultConfigurationIsVisible = 0;
			defaultConfigurationName = Release;
		};
		056808BF217B83CC00AAB9F7 /* Build configuration list for PBXNativeTarget "weatherBaTests" */ = {
			isa = XCConfigurationList;
			buildConfigurations = (
				056808C0217B83CC00AAB9F7 /* Debug */,
				056808C1217B83CC00AAB9F7 /* Release */,
			);
			defaultConfigurationIsVisible = 0;
			defaultConfigurationName = Release;
		};
/* End XCConfigurationList section */
	};
	rootObject = 05680897217B83CA00AAB9F7 /* Project object */;
}
